
Microsoft Visual Studio Solution File, Format Version 12.00
# Visual Studio Version 17
VisualStudioVersion = 17.6.33723.286
MinimumVisualStudioVersion = 10.0.40219.1
Project("{9A19103F-16F7-4668-BE54-9A1E7A4F7556}") = "WebApplicationExample", "WebApplicationExample\WebApplicationExample.csproj", "{6FA60F9E-2EE5-4CA5-8812-3DA3B5177DCE}"
EndProject
Global
	GlobalSection(SolutionConfigurationPlatforms) = preSolution
		Debug|Any CPU = Debug|Any CPU
		Release|Any CPU = Release|Any CPU
	EndGlobalSection
	GlobalSection(ProjectConfigurationPlatforms) = postSolution
		{6FA60F9E-2EE5-4CA5-8812-3DA3B5177DCE}.Debug|Any CPU.ActiveCfg = Debug|Any CPU
		{6FA60F9E-2EE5-4CA5-8812-3DA3B5177DCE}.Debug|Any CPU.Build.0 = Debug|Any CPU
		{6FA60F9E-2EE5-4CA5-8812-3DA3B5177DCE}.Release|Any CPU.ActiveCfg = Release|Any CPU
		{6FA60F9E-2EE5-4CA5-8812-3DA3B5177DCE}.Release|Any CPU.Build.0 = Release|Any CPU
	EndGlobalSection
	GlobalSection(SolutionProperties) = preSolution
		HideSolutionNode = FALSE
	EndGlobalSection
	GlobalSection(ExtensibilityGlobals) = postSolution
		SolutionGuid = {07FF8DB1-A188-4EC4-B8AD-9DEB4DE4592A}
	EndGlobalSection
EndGlobal
